
Microsoft Visual Studio Solution File, Format Version 12.00
# Visual Studio Version 17
VisualStudioVersion = 17.1.32210.238
MinimumVisualStudioVersion = 10.0.40219.1
Project("{FAE04EC0-301F-11D3-BF4B-00C04F79EFBC}") = "Lab 6", "Lab 6\Lab 6.csproj", "{E8EC62A2-EE4A-452F-8EC6-879F289AADE8}"
EndProject
Global
	GlobalSection(SolutionConfigurationPlatforms) = preSolution
		Debug|Any CPU = Debug|Any CPU
		Release|Any CPU = Release|Any CPU
	EndGlobalSection
	GlobalSection(ProjectConfigurationPlatforms) = postSolution
		{E8EC62A2-EE4A-452F-8EC6-879F289AADE8}.Debug|Any CPU.ActiveCfg = Debug|Any CPU
		{E8EC62A2-EE4A-452F-8EC6-879F289AADE8}.Debug|Any CPU.Build.0 = Debug|Any CPU
		{E8EC62A2-EE4A-452F-8EC6-879F289AADE8}.Release|Any CPU.ActiveCfg = Release|Any CPU
		{E8EC62A2-EE4A-452F-8EC6-879F289AADE8}.Release|Any CPU.Build.0 = Release|Any CPU
	EndGlobalSection
	GlobalSection(SolutionProperties) = preSolution
		HideSolutionNode = FALSE
	EndGlobalSection
	GlobalSection(ExtensibilityGlobals) = postSolution
		SolutionGuid = {FF417892-C6A5-4369-8F9C-E12576E6A747}
	EndGlobalSection
EndGlobal
